
Microsoft Visual Studio Solution File, Format Version 12.00
# Visual Studio Version 17
VisualStudioVersion = 17.9.34728.123
MinimumVisualStudioVersion = 10.0.40219.1
Project("{FAE04EC0-301F-11D3-BF4B-00C04F79EFBC}") = "ConsoleAppListas", "ConsoleAppListas\ConsoleAppListas.csproj", "{DF569D9D-21DF-4C83-9C93-F062962F382B}"
EndProject
Global
	GlobalSection(SolutionConfigurationPlatforms) = preSolution
		Debug|Any CPU = Debug|Any CPU
		Release|Any CPU = Release|Any CPU
	EndGlobalSection
	GlobalSection(ProjectConfigurationPlatforms) = postSolution
		{DF569D9D-21DF-4C83-9C93-F062962F382B}.Debug|Any CPU.ActiveCfg = Debug|Any CPU
		{DF569D9D-21DF-4C83-9C93-F062962F382B}.Debug|Any CPU.Build.0 = Debug|Any CPU
		{DF569D9D-21DF-4C83-9C93-F062962F382B}.Release|Any CPU.ActiveCfg = Release|Any CPU
		{DF569D9D-21DF-4C83-9C93-F062962F382B}.Release|Any CPU.Build.0 = Release|Any CPU
	EndGlobalSection
	GlobalSection(SolutionProperties) = preSolution
		HideSolutionNode = FALSE
	EndGlobalSection
	GlobalSection(ExtensibilityGlobals) = postSolution
		SolutionGuid = {87BD5B2E-31C7-4D28-A020-8CFA2BE218F7}
	EndGlobalSection
EndGlobal
